
Microsoft Visual Studio Solution File, Format Version 12.00
# Visual Studio Version 17
VisualStudioVersion = 17.8.34322.80
MinimumVisualStudioVersion = 10.0.40219.1
Project("{FAE04EC0-301F-11D3-BF4B-00C04F79EFBC}") = "APIPractica4", "APIPractica4.csproj", "{3A18E62F-76FE-4820-909E-64493A80190E}"
EndProject
Global
	GlobalSection(SolutionConfigurationPlatforms) = preSolution
		Debug|Any CPU = Debug|Any CPU
		Release|Any CPU = Release|Any CPU
	EndGlobalSection
	GlobalSection(ProjectConfigurationPlatforms) = postSolution
		{3A18E62F-76FE-4820-909E-64493A80190E}.Debug|Any CPU.ActiveCfg = Debug|Any CPU
		{3A18E62F-76FE-4820-909E-64493A80190E}.Debug|Any CPU.Build.0 = Debug|Any CPU
		{3A18E62F-76FE-4820-909E-64493A80190E}.Release|Any CPU.ActiveCfg = Release|Any CPU
		{3A18E62F-76FE-4820-909E-64493A80190E}.Release|Any CPU.Build.0 = Release|Any CPU
	EndGlobalSection
	GlobalSection(SolutionProperties) = preSolution
		HideSolutionNode = FALSE
	EndGlobalSection
	GlobalSection(ExtensibilityGlobals) = postSolution
		SolutionGuid = {A4A1B7D0-8990-4813-9EB8-B5594D199262}
	EndGlobalSection
EndGlobal
